
Microsoft Visual Studio Solution File, Format Version 12.00
# Visual Studio Version 17
VisualStudioVersion = 17.14.36401.2
MinimumVisualStudioVersion = 10.0.40219.1
Project("{FAE04EC0-301F-11D3-BF4B-00C04F79EFBC}") = "Task1StoreAndDisplayBookInformation", "Task1StoreAndDisplayBookInformation\Task1StoreAndDisplayBookInformation.csproj", "{EFB8A571-B26F-46F1-94D4-CAC1060B3116}"
EndProject
Project("{FAE04EC0-301F-11D3-BF4B-00C04F79EFBC}") = "Task2StudentGrades", "Task2StudentGrades\Task2StudentGrades.csproj", "{B0232675-4AA0-4013-B239-4FB28F05EE84}"
EndProject
Project("{FAE04EC0-301F-11D3-BF4B-00C04F79EFBC}") = "Task3EmployeeDatabasewithDepartment", "Task3EmployeeDatabasewithDepartment\Task3EmployeeDatabasewithDepartment.csproj", "{766A0BE3-2E05-4BBA-92D2-E06B441CE69B}"
EndProject
Global
	GlobalSection(SolutionConfigurationPlatforms) = preSolution
		Debug|Any CPU = Debug|Any CPU
		Release|Any CPU = Release|Any CPU
	EndGlobalSection
	GlobalSection(ProjectConfigurationPlatforms) = postSolution
		{EFB8A571-B26F-46F1-94D4-CAC1060B3116}.Debug|Any CPU.ActiveCfg = Debug|Any CPU
		{EFB8A571-B26F-46F1-94D4-CAC1060B3116}.Debug|Any CPU.Build.0 = Debug|Any CPU
		{EFB8A571-B26F-46F1-94D4-CAC1060B3116}.Release|Any CPU.ActiveCfg = Release|Any CPU
		{EFB8A571-B26F-46F1-94D4-CAC1060B3116}.Release|Any CPU.Build.0 = Release|Any CPU
		{B0232675-4AA0-4013-B239-4FB28F05EE84}.Debug|Any CPU.ActiveCfg = Debug|Any CPU
		{B0232675-4AA0-4013-B239-4FB28F05EE84}.Debug|Any CPU.Build.0 = Debug|Any CPU
		{B0232675-4AA0-4013-B239-4FB28F05EE84}.Release|Any CPU.ActiveCfg = Release|Any CPU
		{B0232675-4AA0-4013-B239-4FB28F05EE84}.Release|Any CPU.Build.0 = Release|Any CPU
		{766A0BE3-2E05-4BBA-92D2-E06B441CE69B}.Debug|Any CPU.ActiveCfg = Debug|Any CPU
		{766A0BE3-2E05-4BBA-92D2-E06B441CE69B}.Debug|Any CPU.Build.0 = Debug|Any CPU
		{766A0BE3-2E05-4BBA-92D2-E06B441CE69B}.Release|Any CPU.ActiveCfg = Release|Any CPU
		{766A0BE3-2E05-4BBA-92D2-E06B441CE69B}.Release|Any CPU.Build.0 = Release|Any CPU
	EndGlobalSection
	GlobalSection(SolutionProperties) = preSolution
		HideSolutionNode = FALSE
	EndGlobalSection
	GlobalSection(ExtensibilityGlobals) = postSolution
		SolutionGuid = {D78A6F6C-BCA4-48C8-A449-B02E258CEE10}
	EndGlobalSection
EndGlobal
