
Microsoft Visual Studio Solution File, Format Version 12.00
# Visual Studio Version 17
VisualStudioVersion = 17.14.36401.2 d17.14
MinimumVisualStudioVersion = 10.0.40219.1
Project("{FAE04EC0-301F-11D3-BF4B-00C04F79EFBC}") = "Task1CountEvenandOddNumbers", "Task1CountEvenandOddNumbers\Task1CountEvenandOddNumbers.csproj", "{CE760DE8-68EE-4E96-B141-73A475B276FC}"
EndProject
Global
	GlobalSection(SolutionConfigurationPlatforms) = preSolution
		Debug|Any CPU = Debug|Any CPU
		Release|Any CPU = Release|Any CPU
	EndGlobalSection
	GlobalSection(ProjectConfigurationPlatforms) = postSolution
		{CE760DE8-68EE-4E96-B141-73A475B276FC}.Debug|Any CPU.ActiveCfg = Debug|Any CPU
		{CE760DE8-68EE-4E96-B141-73A475B276FC}.Debug|Any CPU.Build.0 = Debug|Any CPU
		{CE760DE8-68EE-4E96-B141-73A475B276FC}.Release|Any CPU.ActiveCfg = Release|Any CPU
		{CE760DE8-68EE-4E96-B141-73A475B276FC}.Release|Any CPU.Build.0 = Release|Any CPU
	EndGlobalSection
	GlobalSection(SolutionProperties) = preSolution
		HideSolutionNode = FALSE
	EndGlobalSection
	GlobalSection(ExtensibilityGlobals) = postSolution
		SolutionGuid = {4BAC9857-FC80-42E6-8A9D-763F1DBFA7D2}
	EndGlobalSection
EndGlobal
